
Microsoft Visual Studio Solution File, Format Version 12.00
# Visual Studio 14
VisualStudioVersion = 14.0.25420.1
MinimumVisualStudioVersion = 10.0.40219.1
Project("{FAE04EC0-301F-11D3-BF4B-00C04F79EFBC}") = "ExcelSQL", "ExcelSQL\ExcelSQL.csproj", "{D01D68AA-6E73-4A69-9115-D3451711733B}"
EndProject
Global
	GlobalSection(SolutionConfigurationPlatforms) = preSolution
		Debug|Any CPU = Debug|Any CPU
		Release|Any CPU = Release|Any CPU
	EndGlobalSection
	GlobalSection(ProjectConfigurationPlatforms) = postSolution
		{D01D68AA-6E73-4A69-9115-D3451711733B}.Debug|Any CPU.ActiveCfg = Debug|Any CPU
		{D01D68AA-6E73-4A69-9115-D3451711733B}.Debug|Any CPU.Build.0 = Debug|Any CPU
		{D01D68AA-6E73-4A69-9115-D3451711733B}.Release|Any CPU.ActiveCfg = Release|Any CPU
		{D01D68AA-6E73-4A69-9115-D3451711733B}.Release|Any CPU.Build.0 = Release|Any CPU
	EndGlobalSection
	GlobalSection(SolutionProperties) = preSolution
		HideSolutionNode = FALSE
	EndGlobalSection
EndGlobal
